
Microsoft Visual Studio Solution File, Format Version 12.00
# Visual Studio Version 17
VisualStudioVersion = 17.3.32922.545
MinimumVisualStudioVersion = 10.0.40219.1
Project("{9A19103F-16F7-4668-BE54-9A1E7A4F7556}") = "JournalAPI", "JournalAPI.csproj", "{1053E7ED-26AA-4D5A-9AC1-5AE3DED9C318}"
EndProject
Global
	GlobalSection(SolutionConfigurationPlatforms) = preSolution
		Debug|Any CPU = Debug|Any CPU
		Release|Any CPU = Release|Any CPU
	EndGlobalSection
	GlobalSection(ProjectConfigurationPlatforms) = postSolution
		{1053E7ED-26AA-4D5A-9AC1-5AE3DED9C318}.Debug|Any CPU.ActiveCfg = Debug|Any CPU
		{1053E7ED-26AA-4D5A-9AC1-5AE3DED9C318}.Debug|Any CPU.Build.0 = Debug|Any CPU
		{1053E7ED-26AA-4D5A-9AC1-5AE3DED9C318}.Release|Any CPU.ActiveCfg = Release|Any CPU
		{1053E7ED-26AA-4D5A-9AC1-5AE3DED9C318}.Release|Any CPU.Build.0 = Release|Any CPU
	EndGlobalSection
	GlobalSection(SolutionProperties) = preSolution
		HideSolutionNode = FALSE
	EndGlobalSection
	GlobalSection(ExtensibilityGlobals) = postSolution
		SolutionGuid = {E23AFDB8-3885-44EB-B609-FA5BE7B79B87}
	EndGlobalSection
EndGlobal
